
Microsoft Visual Studio Solution File, Format Version 12.00
# Visual Studio Version 16
VisualStudioVersion = 16.0.31019.35
MinimumVisualStudioVersion = 10.0.40219.1
Project("{9A19103F-16F7-4668-BE54-9A1E7A4F7556}") = "SportsMeeting.Server", "SportsMeeting\Server\SportsMeeting.Server.csproj", "{C62C3F4A-7DC7-42A0-BF12-20DE27347AE0}"
EndProject
Project("{9A19103F-16F7-4668-BE54-9A1E7A4F7556}") = "SportsMeeting.Client", "SportsMeeting\Client\SportsMeeting.Client.csproj", "{FEC61832-0DC7-4BFA-BD42-1CDEDA750879}"
EndProject
Project("{9A19103F-16F7-4668-BE54-9A1E7A4F7556}") = "SportsMeeting.Shared", "SportsMeeting\Shared\SportsMeeting.Shared.csproj", "{F3E0496C-7BA3-4569-9272-D594CFECBCAE}"
EndProject
Global
	GlobalSection(SolutionConfigurationPlatforms) = preSolution
		Debug|Any CPU = Debug|Any CPU
		Release|Any CPU = Release|Any CPU
	EndGlobalSection
	GlobalSection(ProjectConfigurationPlatforms) = postSolution
		{C62C3F4A-7DC7-42A0-BF12-20DE27347AE0}.Debug|Any CPU.ActiveCfg = Debug|Any CPU
		{C62C3F4A-7DC7-42A0-BF12-20DE27347AE0}.Debug|Any CPU.Build.0 = Debug|Any CPU
		{C62C3F4A-7DC7-42A0-BF12-20DE27347AE0}.Release|Any CPU.ActiveCfg = Release|Any CPU
		{C62C3F4A-7DC7-42A0-BF12-20DE27347AE0}.Release|Any CPU.Build.0 = Release|Any CPU
		{FEC61832-0DC7-4BFA-BD42-1CDEDA750879}.Debug|Any CPU.ActiveCfg = Debug|Any CPU
		{FEC61832-0DC7-4BFA-BD42-1CDEDA750879}.Debug|Any CPU.Build.0 = Debug|Any CPU
		{FEC61832-0DC7-4BFA-BD42-1CDEDA750879}.Release|Any CPU.ActiveCfg = Release|Any CPU
		{FEC61832-0DC7-4BFA-BD42-1CDEDA750879}.Release|Any CPU.Build.0 = Release|Any CPU
		{F3E0496C-7BA3-4569-9272-D594CFECBCAE}.Debug|Any CPU.ActiveCfg = Debug|Any CPU
		{F3E0496C-7BA3-4569-9272-D594CFECBCAE}.Debug|Any CPU.Build.0 = Debug|Any CPU
		{F3E0496C-7BA3-4569-9272-D594CFECBCAE}.Release|Any CPU.ActiveCfg = Release|Any CPU
		{F3E0496C-7BA3-4569-9272-D594CFECBCAE}.Release|Any CPU.Build.0 = Release|Any CPU
	EndGlobalSection
	GlobalSection(SolutionProperties) = preSolution
		HideSolutionNode = FALSE
	EndGlobalSection
	GlobalSection(ExtensibilityGlobals) = postSolution
		SolutionGuid = {B6EABC28-B385-4072-883E-691D217C73CB}
	EndGlobalSection
EndGlobal
